// !$*UTF8*$!
{
	archiveVersion = 1;
	classes = {
	};
	objectVersion = 46;
	objects = {

/* Begin PBXBuildFile section */
		045BB4501B85812B00E5E3C5 /* main.m in Sources */ = {isa = PBXBuildFile; fileRef = 045BB44F1B85812B00E5E3C5 /* main.m */; };
		045BB4531B85812B00E5E3C5 /* AppDelegate.m in Sources */ = {isa = PBXBuildFile; fileRef = 045BB4521B85812B00E5E3C5 /* AppDelegate.m */; };
		045BB4561B85812B00E5E3C5 /* ViewController.m in Sources */ = {isa = PBXBuildFile; fileRef = 045BB4551B85812B00E5E3C5 /* ViewController.m */; };
		045BB4591B85812B00E5E3C5 /* Main.storyboard in Resources */ = {isa = PBXBuildFile; fileRef = 045BB4571B85812B00E5E3C5 /* Main.storyboard */; };
		045BB45B1B85812B00E5E3C5 /* Images.xcassets in Resources */ = {isa = PBXBuildFile; fileRef = 045BB45A1B85812B00E5E3C5 /* Images.xcassets */; };
		045BB45E1B85812B00E5E3C5 /* LaunchScreen.xib in Resources */ = {isa = PBXBuildFile; fileRef = 045BB45C1B85812B00E5E3C5 /* LaunchScreen.xib */; };
		045BB46A1B85812C00E5E3C5 /* TimeMovieTests.m in Sources */ = {isa = PBXBuildFile; fileRef = 045BB4691B85812C00E5E3C5 /* TimeMovieTests.m */; };
/* End PBXBuildFile section */

/* Begin PBXContainerItemProxy section */
		045BB4641B85812C00E5E3C5 /* PBXContainerItemProxy */ = {
			isa = PBXContainerItemProxy;
			containerPortal = 045BB4421B85812B00E5E3C5 /* Project object */;
			proxyType = 1;
			remoteGlobalIDString = 045BB4491B85812B00E5E3C5;
			remoteInfo = TimeMovie;
		};
/* End PBXContainerItemProxy section */

/* Begin PBXFileReference section */
		045BB44A1B85812B00E5E3C5 /* TimeMovie.app */ = {isa = PBXFileReference; explicitFileType = wrapper.application; includeInIndex = 0; path = TimeMovie.app; sourceTree = BUILT_PRODUCTS_DIR; };
		045BB44E1B85812B00E5E3C5 /* Info.plist */ = {isa = PBXFileReference; lastKnownFileType = text.plist.xml; path = Info.plist; sourceTree = "<group>"; };
		045BB44F1B85812B00E5E3C5 /* main.m */ = {isa = PBXFileReference; lastKnownFileType = sourcecode.c.objc; path = main.m; sourceTree = "<group>"; };
		045BB4511B85812B00E5E3C5 /* AppDelegate.h */ = {isa = PBXFileReference; lastKnownFileType = sourcecode.c.h; path = AppDelegate.h; sourceTree = "<group>"; };
		045BB4521B85812B00E5E3C5 /* AppDelegate.m */ = {isa = PBXFileReference; lastKnownFileType = sourcecode.c.objc; path = AppDelegate.m; sourceTree = "<group>"; };
		045BB4541B85812B00E5E3C5 /* ViewController.h */ = {isa = PBXFileReference; lastKnownFileType = sourcecode.c.h; path = ViewController.h; sourceTree = "<group>"; };
		045BB4551B85812B00E5E3C5 /* ViewController.m */ = {isa = PBXFileReference; lastKnownFileType = sourcecode.c.objc; path = ViewController.m; sourceTree = "<group>"; };
		045BB4581B85812B00E5E3C5 /* Base */ = {isa = PBXFileReference; lastKnownFileType = file.storyboard; name = Base; path = Base.lproj/Main.storyboard; sourceTree = "<group>"; };
		045BB45A1B85812B00E5E3C5 /* Images.xcassets */ = {isa = PBXFileReference; lastKnownFileType = folder.assetcatalog; path = Images.xcassets; sourceTree = "<group>"; };
		045BB45D1B85812B00E5E3C5 /* Base */ = {isa = PBXFileReference; lastKnownFileType = file.xib; name = Base; path = Base.lproj/LaunchScreen.xib; sourceTree = "<group>"; };
		045BB4631B85812C00E5E3C5 /* TimeMovieTests.xctest */ = {isa = PBXFileReference; explicitFileType = wrapper.cfbundle; includeInIndex = 0; path = TimeMovieTests.xctest; sourceTree = BUILT_PRODUCTS_DIR; };
		045BB4681B85812C00E5E3C5 /* Info.plist */ = {isa = PBXFileReference; lastKnownFileType = text.plist.xml; path = Info.plist; sourceTree = "<group>"; };
		045BB4691B85812C00E5E3C5 /* TimeMovieTests.m */ = {isa = PBXFileReference; lastKnownFileType = sourcecode.c.objc; path = TimeMovieTests.m; sourceTree = "<group>"; };
/* End PBXFileReference section */

/* Begin PBXFrameworksBuildPhase section */
		045BB4471B85812B00E5E3C5 /* Frameworks */ = {
			isa = PBXFrameworksBuildPhase;
			buildActionMask = 2147483647;
			files = (
			);
			runOnlyForDeploymentPostprocessing = 0;
		};
		045BB4601B85812C00E5E3C5 /* Frameworks */ = {
			isa = PBXFrameworksBuildPhase;
			buildActionMask = 2147483647;
			files = (
			);
			runOnlyForDeploymentPostprocessing = 0;
		};
/* End PBXFrameworksBuildPhase section */

/* Begin PBXGroup section */
		045BB4411B85812B00E5E3C5 = {
			isa = PBXGroup;
			children = (
				045BB44C1B85812B00E5E3C5 /* TimeMovie */,
				045BB4661B85812C00E5E3C5 /* TimeMovieTests */,
				045BB44B1B85812B00E5E3C5 /* Products */,
			);
			sourceTree = "<group>";
		};
		045BB44B1B85812B00E5E3C5 /* Products */ = {
			isa = PBXGroup;
			children = (
				045BB44A1B85812B00E5E3C5 /* TimeMovie.app */,
				045BB4631B85812C00E5E3C5 /* TimeMovieTests.xctest */,
			);
			name = Products;
			sourceTree = "<group>";
		};
		045BB44C1B85812B00E5E3C5 /* TimeMovie */ = {
			isa = PBXGroup;
			children = (
				045BB4511B85812B00E5E3C5 /* AppDelegate.h */,
				045BB4521B85812B00E5E3C5 /* AppDelegate.m */,
				045BB4541B85812B00E5E3C5 /* ViewController.h */,
				045BB4551B85812B00E5E3C5 /* ViewController.m */,
				045BB4571B85812B00E5E3C5 /* Main.storyboard */,
				045BB45A1B85812B00E5E3C5 /* Images.xcassets */,
				045BB45C1B85812B00E5E3C5 /* LaunchScreen.xib */,
				045BB44D1B85812B00E5E3C5 /* Supporting Files */,
			);
			path = TimeMovie;
			sourceTree = "<group>";
		};
		045BB44D1B85812B00E5E3C5 /* Supporting Files */ = {
			isa = PBXGroup;
			children = (
				045BB44E1B85812B00E5E3C5 /* Info.plist */,
				045BB44F1B85812B00E5E3C5 /* main.m */,
			);
			name = "Supporting Files";
			sourceTree = "<group>";
		};
		045BB4661B85812C00E5E3C5 /* TimeMovieTests */ = {
			isa = PBXGroup;
			children = (
				045BB4691B85812C00E5E3C5 /* TimeMovieTests.m */,
				045BB4671B85812C00E5E3C5 /* Supporting Files */,
			);
			path = TimeMovieTests;
			sourceTree = "<group>";
		};
		045BB4671B85812C00E5E3C5 /* Supporting Files */ = {
			isa = PBXGroup;
			children = (
				045BB4681B85812C00E5E3C5 /* Info.plist */,
			);
			name = "Supporting Files";
			sourceTree = "<group>";
		};
/* End PBXGroup section */

/* Begin PBXNativeTarget section */
		045BB4491B85812B00E5E3C5 /* TimeMovie */ = {
			isa = PBXNativeTarget;
			buildConfigurationList = 045BB46D1B85812C00E5E3C5 /* Build configuration list for PBXNativeTarget "TimeMovie" */;
			buildPhases = (
				045BB4461B85812B00E5E3C5 /* Sources */,
				045BB4471B85812B00E5E3C5 /* Frameworks */,
				045BB4481B85812B00E5E3C5 /* Resources */,
			);
			buildRules = (
			);
			dependencies = (
			);
			name = TimeMovie;
			productName = TimeMovie;
			productReference = 045BB44A1B85812B00E5E3C5 /* TimeMovie.app */;
			productType = "com.apple.product-type.application";
		};
		045BB4621B85812C00E5E3C5 /* TimeMovieTests */ = {
			isa = PBXNativeTarget;
			buildConfigurationList = 045BB4701B85812C00E5E3C5 /* Build configuration list for PBXNativeTarget "TimeMovieTests" */;
			buildPhases = (
				045BB45F1B85812C00E5E3C5 /* Sources */,
				045BB4601B85812C00E5E3C5 /* Frameworks */,
				045BB4611B85812C00E5E3C5 /* Resources */,
			);
			buildRules = (
			);
			dependencies = (
				045BB4651B85812C00E5E3C5 /* PBXTargetDependency */,
			);
			name = TimeMovieTests;
			productName = TimeMovieTests;
			productReference = 045BB4631B85812C00E5E3C5 /* TimeMovieTests.xctest */;
			productType = "com.apple.product-type.bundle.unit-test";
		};
/* End PBXNativeTarget section */

/* Begin PBXProject section */
		045BB4421B85812B00E5E3C5 /* Project object */ = {
			isa = PBXProject;
			attributes = {
				LastUpgradeCheck = 0620;
				ORGANIZATIONNAME = mac;
				TargetAttributes = {
					045BB4491B85812B00E5E3C5 = {
						CreatedOnToolsVersion = 6.2;
					};
					045BB4621B85812C00E5E3C5 = {
						CreatedOnToolsVersion = 6.2;
						TestTargetID = 045BB4491B85812B00E5E3C5;
					};
				};
			};
			buildConfigurationList = 045BB4451B85812B00E5E3C5 /* Build configuration list for PBXProject "TimeMovie" */;
			compatibilityVersion = "Xcode 3.2";
			developmentRegion = English;
			hasScannedForEncodings = 0;
			knownRegions = (
				en,
				Base,
			);
			mainGroup = 045BB4411B85812B00E5E3C5;
			productRefGroup = 045BB44B1B85812B00E5E3C5 /* Products */;
			projectDirPath = "";
			projectRoot = "";
			targets = (
				045BB4491B85812B00E5E3C5 /* TimeMovie */,
				045BB4621B85812C00E5E3C5 /* TimeMovieTests */,
			);
		};
/* End PBXProject section */

/* Begin PBXResourcesBuildPhase section */
		045BB4481B85812B00E5E3C5 /* Resources */ = {
			isa = PBXResourcesBuildPhase;
			buildActionMask = 2147483647;
			files = (
				045BB4591B85812B00E5E3C5 /* Main.storyboard in Resources */,
				045BB45E1B85812B00E5E3C5 /* LaunchScreen.xib in Resources */,
				045BB45B1B85812B00E5E3C5 /* Images.xcassets in Resources */,
			);
			runOnlyForDeploymentPostprocessing = 0;
		};
		045BB4611B85812C00E5E3C5 /* Resources */ = {
			isa = PBXResourcesBuildPhase;
			buildActionMask = 2147483647;
			files = (
			);
			runOnlyForDeploymentPostprocessing = 0;
		};
/* End PBXResourcesBuildPhase section */

/* Begin PBXSourcesBuildPhase section */
		045BB4461B85812B00E5E3C5 /* Sources */ = {
			isa = PBXSourcesBuildPhase;
			buildActionMask = 2147483647;
			files = (
				045BB4561B85812B00E5E3C5 /* ViewController.m in Sources */,
				045BB4531B85812B00E5E3C5 /* AppDelegate.m in Sources */,
				045BB4501B85812B00E5E3C5 /* main.m in Sources */,
			);
			runOnlyForDeploymentPostprocessing = 0;
		};
		045BB45F1B85812C00E5E3C5 /* Sources */ = {
			isa = PBXSourcesBuildPhase;
			buildActionMask = 2147483647;
			files = (
				045BB46A1B85812C00E5E3C5 /* TimeMovieTests.m in Sources */,
			);
			runOnlyForDeploymentPostprocessing = 0;
		};
/* End PBXSourcesBuildPhase section */

/* Begin PBXTargetDependency section */
		045BB4651B85812C00E5E3C5 /* PBXTargetDependency */ = {
			isa = PBXTargetDependency;
			target = 045BB4491B85812B00E5E3C5 /* TimeMovie */;
			targetProxy = 045BB4641B85812C00E5E3C5 /* PBXContainerItemProxy */;
		};
/* End PBXTargetDependency section */

/* Begin PBXVariantGroup section */
		045BB4571B85812B00E5E3C5 /* Main.storyboard */ = {
			isa = PBXVariantGroup;
			children = (
				045BB4581B85812B00E5E3C5 /* Base */,
			);
			name = Main.storyboard;
			sourceTree = "<group>";
		};
		045BB45C1B85812B00E5E3C5 /* LaunchScreen.xib */ = {
			isa = PBXVariantGroup;
			children = (
				045BB45D1B85812B00E5E3C5 /* Base */,
			);
			name = LaunchScreen.xib;
			sourceTree = "<group>";
		};
/* End PBXVariantGroup section */

/* Begin XCBuildConfiguration section */
		045BB46B1B85812C00E5E3C5 /* Debug */ = {
			isa = XCBuildConfiguration;
			buildSettings = {
				ALWAYS_SEARCH_USER_PATHS = NO;
				CLANG_CXX_LANGUAGE_STANDARD = "gnu++0x";
				CLANG_CXX_LIBRARY = "libc++";
				CLANG_ENABLE_MODULES = YES;
				CLANG_ENABLE_OBJC_ARC = YES;
				CLANG_WARN_BOOL_CONVERSION = YES;
				CLANG_WARN_CONSTANT_CONVERSION = YES;
				CLANG_WARN_DIRECT_OBJC_ISA_USAGE = YES_ERROR;
				CLANG_WARN_EMPTY_BODY = YES;
				CLANG_WARN_ENUM_CONVERSION = YES;
				CLANG_WARN_INT_CONVERSION = YES;
				CLANG_WARN_OBJC_ROOT_CLASS = YES_ERROR;
				CLANG_WARN_UNREACHABLE_CODE = YES;
				CLANG_WARN__DUPLICATE_METHOD_MATCH = YES;
				"CODE_SIGN_IDENTITY[sdk=iphoneos*]" = "iPhone Developer";
				COPY_PHASE_STRIP = NO;
				ENABLE_STRICT_OBJC_MSGSEND = YES;
				GCC_C_LANGUAGE_STANDARD = gnu99;
				GCC_DYNAMIC_NO_PIC = NO;
				GCC_OPTIMIZATION_LEVEL = 0;
				GCC_PREPROCESSOR_DEFINITIONS = (
					"DEBUG=1",
					"$(inherited)",
				);
				GCC_SYMBOLS_PRIVATE_EXTERN = NO;
				GCC_WARN_64_TO_32_BIT_CONVERSION = YES;
				GCC_WARN_ABOUT_RETURN_TYPE = YES_ERROR;
				GCC_WARN_UNDECLARED_SELECTOR = YES;
				GCC_WARN_UNINITIALIZED_AUTOS = YES_AGGRESSIVE;
				GCC_WARN_UNUSED_FUNCTION = YES;
				GCC_WARN_UNUSED_VARIABLE = YES;
				IPHONEOS_DEPLOYMENT_TARGET = 8.2;
				MTL_ENABLE_DEBUG_INFO = YES;
				ONLY_ACTIVE_ARCH = YES;
				SDKROOT = iphoneos;
			};
			name = Debug;
		};
		045BB46C1B85812C00E5E3C5 /* Release */ = {
			isa = XCBuildConfiguration;
			buildSettings = {
				ALWAYS_SEARCH_USER_PATHS = NO;
				CLANG_CXX_LANGUAGE_STANDARD = "gnu++0x";
				CLANG_CXX_LIBRARY = "libc++";
				CLANG_ENABLE_MODULES = YES;
				CLANG_ENABLE_OBJC_ARC = YES;
				CLANG_WARN_BOOL_CONVERSION = YES;
				CLANG_WARN_CONSTANT_CONVERSION = YES;
				CLANG_WARN_DIRECT_OBJC_ISA_USAGE = YES_ERROR;
				CLANG_WARN_EMPTY_BODY = YES;
				CLANG_WARN_ENUM_CONVERSION = YES;
				CLANG_WARN_INT_CONVERSION = YES;
				CLANG_WARN_OBJC_ROOT_CLASS = YES_ERROR;
				CLANG_WARN_UNREACHABLE_CODE = YES;
				CLANG_WARN__DUPLICATE_METHOD_MATCH = YES;
				"CODE_SIGN_IDENTITY[sdk=iphoneos*]" = "iPhone Developer";
				COPY_PHASE_STRIP = NO;
				ENABLE_NS_ASSERTIONS = NO;
				ENABLE_STRICT_OBJC_MSGSEND = YES;
				GCC_C_LANGUAGE_STANDARD = gnu99;
				GCC_WARN_64_TO_32_BIT_CONVERSION = YES;
				GCC_WARN_ABOUT_RETURN_TYPE = YES_ERROR;
				GCC_WARN_UNDECLARED_SELECTOR = YES;
				GCC_WARN_UNINITIALIZED_AUTOS = YES_AGGRESSIVE;
				GCC_WARN_UNUSED_FUNCTION = YES;
				GCC_WARN_UNUSED_VARIABLE = YES;
				IPHONEOS_DEPLOYMENT_TARGET = 8.2;
				MTL_ENABLE_DEBUG_INFO = NO;
				SDKROOT = iphoneos;
				VALIDATE_PRODUCT = YES;
			};
			name = Release;
		};
		045BB46E1B85812C00E5E3C5 /* Debug */ = {
			isa = XCBuildConfiguration;
			buildSettings = {
				ASSETCATALOG_COMPILER_APPICON_NAME = AppIcon;
				INFOPLIST_FILE = TimeMovie/Info.plist;
				LD_RUNPATH_SEARCH_PATHS = "$(inherited) @executable_path/Frameworks";
				PRODUCT_NAME = "$(TARGET_NAME)";
			};
			name = Debug;
		};
		045BB46F1B85812C00E5E3C5 /* Release */ = {
			isa = XCBuildConfiguration;
			buildSettings = {
				ASSETCATALOG_COMPILER_APPICON_NAME = AppIcon;
				INFOPLIST_FILE = TimeMovie/Info.plist;
				LD_RUNPATH_SEARCH_PATHS = "$(inherited) @executable_path/Frameworks";
				PRODUCT_NAME = "$(TARGET_NAME)";
			};
			name = Release;
		};
		045BB4711B85812C00E5E3C5 /* Debug */ = {
			isa = XCBuildConfiguration;
			buildSettings = {
				BUNDLE_LOADER = "$(TEST_HOST)";
				FRAMEWORK_SEARCH_PATHS = (
					"$(SDKROOT)/Developer/Library/Frameworks",
					"$(inherited)",
				);
				GCC_PREPROCESSOR_DEFINITIONS = (
					"DEBUG=1",
					"$(inherited)",
				);
				INFOPLIST_FILE = TimeMovieTests/Info.plist;
				LD_RUNPATH_SEARCH_PATHS = "$(inherited) @executable_path/Frameworks @loader_path/Frameworks";
				PRODUCT_NAME = "$(TARGET_NAME)";
				TEST_HOST = "$(BUILT_PRODUCTS_DIR)/TimeMovie.app/TimeMovie";
			};
			name = Debug;
		};
		045BB4721B85812C00E5E3C5 /* Release */ = {
			isa = XCBuildConfiguration;
			buildSettings = {
				BUNDLE_LOADER = "$(TEST_HOST)";
				FRAMEWORK_SEARCH_PATHS = (
					"$(SDKROOT)/Developer/Library/Frameworks",
					"$(inherited)",
				);
				INFOPLIST_FILE = TimeMovieTests/Info.plist;
				LD_RUNPATH_SEARCH_PATHS = "$(inherited) @executable_path/Frameworks @loader_path/Frameworks";
				PRODUCT_NAME = "$(TARGET_NAME)";
				TEST_HOST = "$(BUILT_PRODUCTS_DIR)/TimeMovie.app/TimeMovie";
			};
			name = Release;
		};
/* End XCBuildConfiguration section */

/* Begin XCConfigurationList section */
		045BB4451B85812B00E5E3C5 /* Build configuration list for PBXProject "TimeMovie" */ = {
			isa = XCConfigurationList;
			buildConfigurations = (
				045BB46B1B85812C00E5E3C5 /* Debug */,
				045BB46C1B85812C00E5E3C5 /* Release */,
			);
			defaultConfigurationIsVisible = 0;
			defaultConfigurationName = Release;
		};
		045BB46D1B85812C00E5E3C5 /* Build configuration list for PBXNativeTarget "TimeMovie" */ = {
			isa = XCConfigurationList;
			buildConfigurations = (
				045BB46E1B85812C00E5E3C5 /* Debug */,
				045BB46F1B85812C00E5E3C5 /* Release */,
			);
			defaultConfigurationIsVisible = 0;
		};
		045BB4701B85812C00E5E3C5 /* Build configuration list for PBXNativeTarget "TimeMovieTests" */ = {
			isa = XCConfigurationList;
			buildConfigurations = (
				045BB4711B85812C00E5E3C5 /* Debug */,
				045BB4721B85812C00E5E3C5 /* Release */,
			);
			defaultConfigurationIsVisible = 0;
		};
/* End XCConfigurationList section */
	};
	rootObject = 045BB4421B85812B00E5E3C5 /* Project object */;
}
